
Microsoft Visual Studio Solution File, Format Version 12.00
# Visual Studio Version 17
VisualStudioVersion = 17.5.002.0
MinimumVisualStudioVersion = 10.0.40219.1
Project("{9A19103F-16F7-4668-BE54-9A1E7A4F7556}") = "klepetalko", "klepetalko.csproj", "{D4078991-66F9-40A0-B2FD-797E44C6810E}"
EndProject
Global
	GlobalSection(SolutionConfigurationPlatforms) = preSolution
		Debug|Any CPU = Debug|Any CPU
		Release|Any CPU = Release|Any CPU
	EndGlobalSection
	GlobalSection(ProjectConfigurationPlatforms) = postSolution
		{D4078991-66F9-40A0-B2FD-797E44C6810E}.Debug|Any CPU.ActiveCfg = Debug|Any CPU
		{D4078991-66F9-40A0-B2FD-797E44C6810E}.Debug|Any CPU.Build.0 = Debug|Any CPU
		{D4078991-66F9-40A0-B2FD-797E44C6810E}.Release|Any CPU.ActiveCfg = Release|Any CPU
		{D4078991-66F9-40A0-B2FD-797E44C6810E}.Release|Any CPU.Build.0 = Release|Any CPU
	EndGlobalSection
	GlobalSection(SolutionProperties) = preSolution
		HideSolutionNode = FALSE
	EndGlobalSection
	GlobalSection(ExtensibilityGlobals) = postSolution
		SolutionGuid = {B78CCCC3-A901-48A7-8634-6D978D8A095D}
	EndGlobalSection
EndGlobal
